
Microsoft Visual Studio Solution File, Format Version 12.00
# Visual Studio Version 17
VisualStudioVersion = 17.0.32014.148
MinimumVisualStudioVersion = 10.0.40219.1
Project("{8BC9CEB8-8B4A-11D0-8D11-00A0C91BC942}") = "step_001", "step_001\step_001.vcxproj", "{FAD0935E-06E6-497C-82D8-684B1D9623D6}"
EndProject
Project("{8BC9CEB8-8B4A-11D0-8D11-00A0C91BC942}") = "step_002", "step_002\step_002.vcxproj", "{352E3191-4BBB-42A9-ABDE-36AF53DAE877}"
EndProject
Project("{8BC9CEB8-8B4A-11D0-8D11-00A0C91BC942}") = "step_003", "step_003\step_003.vcxproj", "{A3A30B1A-7035-423A-8F42-2EDDDED4EC73}"
EndProject
Project("{8BC9CEB8-8B4A-11D0-8D11-00A0C91BC942}") = "step_004", "step_004\step_004.vcxproj", "{0F11BB25-E272-44D0-A610-BAD582EE8914}"
EndProject
Project("{8BC9CEB8-8B4A-11D0-8D11-00A0C91BC942}") = "question_0001", "question_0001\question_0001.vcxproj", "{25EA8CD9-C051-4396-A442-A2BA1DFC3665}"
EndProject
Project("{8BC9CEB8-8B4A-11D0-8D11-00A0C91BC942}") = "question_0002", "question_0002\question_0002.vcxproj", "{D37852DF-4100-4556-8199-6CE9892D89B3}"
EndProject
Project("{8BC9CEB8-8B4A-11D0-8D11-00A0C91BC942}") = "question_0003", "question_0003\question_0003.vcxproj", "{D6BF2D5B-6BE2-4C70-8771-4FFF4EEDF511}"
EndProject
Project("{8BC9CEB8-8B4A-11D0-8D11-00A0C91BC942}") = "question_0004", "question_0004\question_0004.vcxproj", "{CB8157DF-8DE3-40A9-A995-DED0F377A386}"
EndProject
Project("{8BC9CEB8-8B4A-11D0-8D11-00A0C91BC942}") = "question_0005", "question_0005\question_0005.vcxproj", "{DE655FAA-F3C1-4A88-BEA2-52EAE9367249}"
EndProject
Project("{8BC9CEB8-8B4A-11D0-8D11-00A0C91BC942}") = "step_005", "step_005\step_005.vcxproj", "{3F652076-BCA7-4D96-9A0D-CBD451A00ED2}"
EndProject
Global
	GlobalSection(SolutionConfigurationPlatforms) = preSolution
		Debug|x64 = Debug|x64
		Debug|x86 = Debug|x86
		Release|x64 = Release|x64
		Release|x86 = Release|x86
	EndGlobalSection
	GlobalSection(ProjectConfigurationPlatforms) = postSolution
		{FAD0935E-06E6-497C-82D8-684B1D9623D6}.Debug|x64.ActiveCfg = Debug|x64
		{FAD0935E-06E6-497C-82D8-684B1D9623D6}.Debug|x64.Build.0 = Debug|x64
		{FAD0935E-06E6-497C-82D8-684B1D9623D6}.Debug|x86.ActiveCfg = Debug|Win32
		{FAD0935E-06E6-497C-82D8-684B1D9623D6}.Debug|x86.Build.0 = Debug|Win32
		{FAD0935E-06E6-497C-82D8-684B1D9623D6}.Release|x64.ActiveCfg = Release|x64
		{FAD0935E-06E6-497C-82D8-684B1D9623D6}.Release|x64.Build.0 = Release|x64
		{FAD0935E-06E6-497C-82D8-684B1D9623D6}.Release|x86.ActiveCfg = Release|Win32
		{FAD0935E-06E6-497C-82D8-684B1D9623D6}.Release|x86.Build.0 = Release|Win32
		{352E3191-4BBB-42A9-ABDE-36AF53DAE877}.Debug|x64.ActiveCfg = Debug|x64
		{352E3191-4BBB-42A9-ABDE-36AF53DAE877}.Debug|x64.Build.0 = Debug|x64
		{352E3191-4BBB-42A9-ABDE-36AF53DAE877}.Debug|x86.ActiveCfg = Debug|Win32
		{352E3191-4BBB-42A9-ABDE-36AF53DAE877}.Debug|x86.Build.0 = Debug|Win32
		{352E3191-4BBB-42A9-ABDE-36AF53DAE877}.Release|x64.ActiveCfg = Release|x64
		{352E3191-4BBB-42A9-ABDE-36AF53DAE877}.Release|x64.Build.0 = Release|x64
		{352E3191-4BBB-42A9-ABDE-36AF53DAE877}.Release|x86.ActiveCfg = Release|Win32
		{352E3191-4BBB-42A9-ABDE-36AF53DAE877}.Release|x86.Build.0 = Release|Win32
		{A3A30B1A-7035-423A-8F42-2EDDDED4EC73}.Debug|x64.ActiveCfg = Debug|x64
		{A3A30B1A-7035-423A-8F42-2EDDDED4EC73}.Debug|x64.Build.0 = Debug|x64
		{A3A30B1A-7035-423A-8F42-2EDDDED4EC73}.Debug|x86.ActiveCfg = Debug|Win32
		{A3A30B1A-7035-423A-8F42-2EDDDED4EC73}.Debug|x86.Build.0 = Debug|Win32
		{A3A30B1A-7035-423A-8F42-2EDDDED4EC73}.Release|x64.ActiveCfg = Release|x64
		{A3A30B1A-7035-423A-8F42-2EDDDED4EC73}.Release|x64.Build.0 = Release|x64
		{A3A30B1A-7035-423A-8F42-2EDDDED4EC73}.Release|x86.ActiveCfg = Release|Win32
		{A3A30B1A-7035-423A-8F42-2EDDDED4EC73}.Release|x86.Build.0 = Release|Win32
		{0F11BB25-E272-44D0-A610-BAD582EE8914}.Debug|x64.ActiveCfg = Debug|x64
		{0F11BB25-E272-44D0-A610-BAD582EE8914}.Debug|x64.Build.0 = Debug|x64
		{0F11BB25-E272-44D0-A610-BAD582EE8914}.Debug|x86.ActiveCfg = Debug|Win32
		{0F11BB25-E272-44D0-A610-BAD582EE8914}.Debug|x86.Build.0 = Debug|Win32
		{0F11BB25-E272-44D0-A610-BAD582EE8914}.Release|x64.ActiveCfg = Release|x64
		{0F11BB25-E272-44D0-A610-BAD582EE8914}.Release|x64.Build.0 = Release|x64
		{0F11BB25-E272-44D0-A610-BAD582EE8914}.Release|x86.ActiveCfg = Release|Win32
		{0F11BB25-E272-44D0-A610-BAD582EE8914}.Release|x86.Build.0 = Release|Win32
		{25EA8CD9-C051-4396-A442-A2BA1DFC3665}.Debug|x64.ActiveCfg = Debug|x64
		{25EA8CD9-C051-4396-A442-A2BA1DFC3665}.Debug|x64.Build.0 = Debug|x64
		{25EA8CD9-C051-4396-A442-A2BA1DFC3665}.Debug|x86.ActiveCfg = Debug|Win32
		{25EA8CD9-C051-4396-A442-A2BA1DFC3665}.Debug|x86.Build.0 = Debug|Win32
		{25EA8CD9-C051-4396-A442-A2BA1DFC3665}.Release|x64.ActiveCfg = Release|x64
		{25EA8CD9-C051-4396-A442-A2BA1DFC3665}.Release|x64.Build.0 = Release|x64
		{25EA8CD9-C051-4396-A442-A2BA1DFC3665}.Release|x86.ActiveCfg = Release|Win32
		{25EA8CD9-C051-4396-A442-A2BA1DFC3665}.Release|x86.Build.0 = Release|Win32
		{D37852DF-4100-4556-8199-6CE9892D89B3}.Debug|x64.ActiveCfg = Debug|x64
		{D37852DF-4100-4556-8199-6CE9892D89B3}.Debug|x64.Build.0 = Debug|x64
		{D37852DF-4100-4556-8199-6CE9892D89B3}.Debug|x86.ActiveCfg = Debug|Win32
		{D37852DF-4100-4556-8199-6CE9892D89B3}.Debug|x86.Build.0 = Debug|Win32
		{D37852DF-4100-4556-8199-6CE9892D89B3}.Release|x64.ActiveCfg = Release|x64
		{D37852DF-4100-4556-8199-6CE9892D89B3}.Release|x64.Build.0 = Release|x64
		{D37852DF-4100-4556-8199-6CE9892D89B3}.Release|x86.ActiveCfg = Release|Win32
		{D37852DF-4100-4556-8199-6CE9892D89B3}.Release|x86.Build.0 = Release|Win32
		{D6BF2D5B-6BE2-4C70-8771-4FFF4EEDF511}.Debug|x64.ActiveCfg = Debug|x64
		{D6BF2D5B-6BE2-4C70-8771-4FFF4EEDF511}.Debug|x64.Build.0 = Debug|x64
		{D6BF2D5B-6BE2-4C70-8771-4FFF4EEDF511}.Debug|x86.ActiveCfg = Debug|Win32
		{D6BF2D5B-6BE2-4C70-8771-4FFF4EEDF511}.Debug|x86.Build.0 = Debug|Win32
		{D6BF2D5B-6BE2-4C70-8771-4FFF4EEDF511}.Release|x64.ActiveCfg = Release|x64
		{D6BF2D5B-6BE2-4C70-8771-4FFF4EEDF511}.Release|x64.Build.0 = Release|x64
		{D6BF2D5B-6BE2-4C70-8771-4FFF4EEDF511}.Release|x86.ActiveCfg = Release|Win32
		{D6BF2D5B-6BE2-4C70-8771-4FFF4EEDF511}.Release|x86.Build.0 = Release|Win32
		{CB8157DF-8DE3-40A9-A995-DED0F377A386}.Debug|x64.ActiveCfg = Debug|x64
		{CB8157DF-8DE3-40A9-A995-DED0F377A386}.Debug|x64.Build.0 = Debug|x64
		{CB8157DF-8DE3-40A9-A995-DED0F377A386}.Debug|x86.ActiveCfg = Debug|Win32
		{CB8157DF-8DE3-40A9-A995-DED0F377A386}.Debug|x86.Build.0 = Debug|Win32
		{CB8157DF-8DE3-40A9-A995-DED0F377A386}.Release|x64.ActiveCfg = Release|x64
		{CB8157DF-8DE3-40A9-A995-DED0F377A386}.Release|x64.Build.0 = Release|x64
		{CB8157DF-8DE3-40A9-A995-DED0F377A386}.Release|x86.ActiveCfg = Release|Win32
		{CB8157DF-8DE3-40A9-A995-DED0F377A386}.Release|x86.Build.0 = Release|Win32
		{DE655FAA-F3C1-4A88-BEA2-52EAE9367249}.Debug|x64.ActiveCfg = Debug|x64
		{DE655FAA-F3C1-4A88-BEA2-52EAE9367249}.Debug|x64.Build.0 = Debug|x64
		{DE655FAA-F3C1-4A88-BEA2-52EAE9367249}.Debug|x86.ActiveCfg = Debug|Win32
		{DE655FAA-F3C1-4A88-BEA2-52EAE9367249}.Debug|x86.Build.0 = Debug|Win32
		{DE655FAA-F3C1-4A88-BEA2-52EAE9367249}.Release|x64.ActiveCfg = Release|x64
		{DE655FAA-F3C1-4A88-BEA2-52EAE9367249}.Release|x64.Build.0 = Release|x64
		{DE655FAA-F3C1-4A88-BEA2-52EAE9367249}.Release|x86.ActiveCfg = Release|Win32
		{DE655FAA-F3C1-4A88-BEA2-52EAE9367249}.Release|x86.Build.0 = Release|Win32
		{3F652076-BCA7-4D96-9A0D-CBD451A00ED2}.Debug|x64.ActiveCfg = Debug|x64
		{3F652076-BCA7-4D96-9A0D-CBD451A00ED2}.Debug|x64.Build.0 = Debug|x64
		{3F652076-BCA7-4D96-9A0D-CBD451A00ED2}.Debug|x86.ActiveCfg = Debug|Win32
		{3F652076-BCA7-4D96-9A0D-CBD451A00ED2}.Debug|x86.Build.0 = Debug|Win32
		{3F652076-BCA7-4D96-9A0D-CBD451A00ED2}.Release|x64.ActiveCfg = Release|x64
		{3F652076-BCA7-4D96-9A0D-CBD451A00ED2}.Release|x64.Build.0 = Release|x64
		{3F652076-BCA7-4D96-9A0D-CBD451A00ED2}.Release|x86.ActiveCfg = Release|Win32
		{3F652076-BCA7-4D96-9A0D-CBD451A00ED2}.Release|x86.Build.0 = Release|Win32
	EndGlobalSection
	GlobalSection(SolutionProperties) = preSolution
		HideSolutionNode = FALSE
	EndGlobalSection
	GlobalSection(ExtensibilityGlobals) = postSolution
		SolutionGuid = {3EEC0EE2-319A-4AE6-B775-D04BE2C50DB6}
	EndGlobalSection
EndGlobal
